
Microsoft Visual Studio Solution File, Format Version 12.00
# Visual Studio 2012
Project("{FAE04EC0-301F-11D3-BF4B-00C04F79EFBC}") = "DropIt", "DropIt\DropIt.csproj", "{3941264C-CB07-4EB2-88A7-2B959AF9BBE6}"
EndProject
Global
	GlobalSection(SolutionConfigurationPlatforms) = preSolution
		Debug|Any CPU = Debug|Any CPU
		Release|Any CPU = Release|Any CPU
	EndGlobalSection
	GlobalSection(ProjectConfigurationPlatforms) = postSolution
		{3941264C-CB07-4EB2-88A7-2B959AF9BBE6}.Debug|Any CPU.ActiveCfg = Debug|Any CPU
		{3941264C-CB07-4EB2-88A7-2B959AF9BBE6}.Debug|Any CPU.Build.0 = Debug|Any CPU
		{3941264C-CB07-4EB2-88A7-2B959AF9BBE6}.Release|Any CPU.ActiveCfg = Release|Any CPU
		{3941264C-CB07-4EB2-88A7-2B959AF9BBE6}.Release|Any CPU.Build.0 = Release|Any CPU
	EndGlobalSection
	GlobalSection(SolutionProperties) = preSolution
		HideSolutionNode = FALSE
	EndGlobalSection
EndGlobal
